
Microsoft Visual Studio Solution File, Format Version 12.00
# Visual Studio Version 17
VisualStudioVersion = 17.1.32210.238
MinimumVisualStudioVersion = 10.0.40219.1
Project("{FAE04EC0-301F-11D3-BF4B-00C04F79EFBC}") = "ROV_TL", "ROV_TL\ROV_TL.csproj", "{BCA49A9E-115C-4753-B22B-00BEA20D81B5}"
EndProject
Global
	GlobalSection(SolutionConfigurationPlatforms) = preSolution
		Debug|Any CPU = Debug|Any CPU
		Release|Any CPU = Release|Any CPU
	EndGlobalSection
	GlobalSection(ProjectConfigurationPlatforms) = postSolution
		{BCA49A9E-115C-4753-B22B-00BEA20D81B5}.Debug|Any CPU.ActiveCfg = Debug|Any CPU
		{BCA49A9E-115C-4753-B22B-00BEA20D81B5}.Debug|Any CPU.Build.0 = Debug|Any CPU
		{BCA49A9E-115C-4753-B22B-00BEA20D81B5}.Release|Any CPU.ActiveCfg = Release|Any CPU
		{BCA49A9E-115C-4753-B22B-00BEA20D81B5}.Release|Any CPU.Build.0 = Release|Any CPU
	EndGlobalSection
	GlobalSection(SolutionProperties) = preSolution
		HideSolutionNode = FALSE
	EndGlobalSection
	GlobalSection(ExtensibilityGlobals) = postSolution
		SolutionGuid = {A699B752-6EF3-4866-BF7F-D9E78240302D}
	EndGlobalSection
EndGlobal
